
Microsoft Visual Studio Solution File, Format Version 12.00
# Visual Studio Version 17
VisualStudioVersion = 17.10.35122.118
MinimumVisualStudioVersion = 10.0.40219.1
Project("{FAE04EC0-301F-11D3-BF4B-00C04F79EFBC}") = "suma de dos numeros pero con el tipo sbyte", "suma de dos numeros pero con el tipo sbyte\suma de dos numeros pero con el tipo sbyte.csproj", "{8144D5DD-FF8B-4F4D-B026-FCB8CB2C7113}"
EndProject
Global
	GlobalSection(SolutionConfigurationPlatforms) = preSolution
		Debug|Any CPU = Debug|Any CPU
		Release|Any CPU = Release|Any CPU
	EndGlobalSection
	GlobalSection(ProjectConfigurationPlatforms) = postSolution
		{8144D5DD-FF8B-4F4D-B026-FCB8CB2C7113}.Debug|Any CPU.ActiveCfg = Debug|Any CPU
		{8144D5DD-FF8B-4F4D-B026-FCB8CB2C7113}.Debug|Any CPU.Build.0 = Debug|Any CPU
		{8144D5DD-FF8B-4F4D-B026-FCB8CB2C7113}.Release|Any CPU.ActiveCfg = Release|Any CPU
		{8144D5DD-FF8B-4F4D-B026-FCB8CB2C7113}.Release|Any CPU.Build.0 = Release|Any CPU
	EndGlobalSection
	GlobalSection(SolutionProperties) = preSolution
		HideSolutionNode = FALSE
	EndGlobalSection
	GlobalSection(ExtensibilityGlobals) = postSolution
		SolutionGuid = {611BA755-006F-4254-BB7D-689BFA33F0C5}
	EndGlobalSection
EndGlobal
